
Microsoft Visual Studio Solution File, Format Version 12.00
# Visual Studio Version 16
VisualStudioVersion = 16.0.31613.86
MinimumVisualStudioVersion = 10.0.40219.1
Project("{FAE04EC0-301F-11D3-BF4B-00C04F79EFBC}") = "Test _Task", "Test _Task\Test _Task.csproj", "{C730D0CE-94ED-4A3B-B0D0-5C95963DD136}"
EndProject
Global
	GlobalSection(SolutionConfigurationPlatforms) = preSolution
		Debug|Any CPU = Debug|Any CPU
		Release|Any CPU = Release|Any CPU
	EndGlobalSection
	GlobalSection(ProjectConfigurationPlatforms) = postSolution
		{C730D0CE-94ED-4A3B-B0D0-5C95963DD136}.Debug|Any CPU.ActiveCfg = Debug|Any CPU
		{C730D0CE-94ED-4A3B-B0D0-5C95963DD136}.Debug|Any CPU.Build.0 = Debug|Any CPU
		{C730D0CE-94ED-4A3B-B0D0-5C95963DD136}.Release|Any CPU.ActiveCfg = Release|Any CPU
		{C730D0CE-94ED-4A3B-B0D0-5C95963DD136}.Release|Any CPU.Build.0 = Release|Any CPU
	EndGlobalSection
	GlobalSection(SolutionProperties) = preSolution
		HideSolutionNode = FALSE
	EndGlobalSection
	GlobalSection(ExtensibilityGlobals) = postSolution
		SolutionGuid = {57371BCF-4335-4536-81AB-146D811207DD}
	EndGlobalSection
EndGlobal
